
Microsoft Visual Studio Solution File, Format Version 12.00
# Visual Studio Version 16
VisualStudioVersion = 16.0.29324.140
MinimumVisualStudioVersion = 10.0.40219.1
Project("{9A19103F-16F7-4668-BE54-9A1E7A4F7556}") = "utf8clip", "src\utf8clip.csproj", "{D08A4958-BACE-435F-A234-78ABDC8628DE}"
EndProject
Project("{2150E333-8FDC-42A3-9474-1A3956D46DE8}") = "tests", "tests", "{0AB3BF05-4346-4AA6-1389-037BE0695223}"
EndProject
Project("{FAE04EC0-301F-11D3-BF4B-00C04F79EFBC}") = "utf8clip.Tests", "tests\utf8clip.Tests.csproj", "{43A9F5B5-D0FA-4B31-ADB5-A4516B36C9D2}"
EndProject
Global
	GlobalSection(SolutionConfigurationPlatforms) = preSolution
		Debug|Any CPU = Debug|Any CPU
		Debug|x64 = Debug|x64
		Debug|x86 = Debug|x86
		Release|Any CPU = Release|Any CPU
		Release|x64 = Release|x64
		Release|x86 = Release|x86
	EndGlobalSection
	GlobalSection(ProjectConfigurationPlatforms) = postSolution
		{D08A4958-BACE-435F-A234-78ABDC8628DE}.Debug|Any CPU.ActiveCfg = Debug|Any CPU
		{D08A4958-BACE-435F-A234-78ABDC8628DE}.Debug|Any CPU.Build.0 = Debug|Any CPU
		{D08A4958-BACE-435F-A234-78ABDC8628DE}.Debug|x64.ActiveCfg = Debug|Any CPU
		{D08A4958-BACE-435F-A234-78ABDC8628DE}.Debug|x64.Build.0 = Debug|Any CPU
		{D08A4958-BACE-435F-A234-78ABDC8628DE}.Debug|x86.ActiveCfg = Debug|Any CPU
		{D08A4958-BACE-435F-A234-78ABDC8628DE}.Debug|x86.Build.0 = Debug|Any CPU
		{D08A4958-BACE-435F-A234-78ABDC8628DE}.Release|Any CPU.ActiveCfg = Release|Any CPU
		{D08A4958-BACE-435F-A234-78ABDC8628DE}.Release|Any CPU.Build.0 = Release|Any CPU
		{D08A4958-BACE-435F-A234-78ABDC8628DE}.Release|x64.ActiveCfg = Release|Any CPU
		{D08A4958-BACE-435F-A234-78ABDC8628DE}.Release|x64.Build.0 = Release|Any CPU
		{D08A4958-BACE-435F-A234-78ABDC8628DE}.Release|x86.ActiveCfg = Release|Any CPU
		{D08A4958-BACE-435F-A234-78ABDC8628DE}.Release|x86.Build.0 = Release|Any CPU
		{43A9F5B5-D0FA-4B31-ADB5-A4516B36C9D2}.Debug|Any CPU.ActiveCfg = Debug|Any CPU
		{43A9F5B5-D0FA-4B31-ADB5-A4516B36C9D2}.Debug|Any CPU.Build.0 = Debug|Any CPU
		{43A9F5B5-D0FA-4B31-ADB5-A4516B36C9D2}.Debug|x64.ActiveCfg = Debug|Any CPU
		{43A9F5B5-D0FA-4B31-ADB5-A4516B36C9D2}.Debug|x64.Build.0 = Debug|Any CPU
		{43A9F5B5-D0FA-4B31-ADB5-A4516B36C9D2}.Debug|x86.ActiveCfg = Debug|Any CPU
		{43A9F5B5-D0FA-4B31-ADB5-A4516B36C9D2}.Debug|x86.Build.0 = Debug|Any CPU
		{43A9F5B5-D0FA-4B31-ADB5-A4516B36C9D2}.Release|Any CPU.ActiveCfg = Release|Any CPU
		{43A9F5B5-D0FA-4B31-ADB5-A4516B36C9D2}.Release|Any CPU.Build.0 = Release|Any CPU
		{43A9F5B5-D0FA-4B31-ADB5-A4516B36C9D2}.Release|x64.ActiveCfg = Release|Any CPU
		{43A9F5B5-D0FA-4B31-ADB5-A4516B36C9D2}.Release|x64.Build.0 = Release|Any CPU
		{43A9F5B5-D0FA-4B31-ADB5-A4516B36C9D2}.Release|x86.ActiveCfg = Release|Any CPU
		{43A9F5B5-D0FA-4B31-ADB5-A4516B36C9D2}.Release|x86.Build.0 = Release|Any CPU
	EndGlobalSection
	GlobalSection(SolutionProperties) = preSolution
		HideSolutionNode = FALSE
	EndGlobalSection
	GlobalSection(NestedProjects) = preSolution
		{43A9F5B5-D0FA-4B31-ADB5-A4516B36C9D2} = {0AB3BF05-4346-4AA6-1389-037BE0695223}
	EndGlobalSection
	GlobalSection(ExtensibilityGlobals) = postSolution
		SolutionGuid = {C3BCF256-EDED-488D-A906-91026E28CF21}
	EndGlobalSection
EndGlobal
